// !$*UTF8*$!
{
	archiveVersion = 1;
	classes = {
	};
	objectVersion = 46;
	objects = {

/* Begin PBXBuildFile section */
		6DBA68E515B7CEB50043E93F /* Twitter.framework in Frameworks */ = {isa = PBXBuildFile; fileRef = 6DBA68E415B7CEB50043E93F /* Twitter.framework */; };
		6DBA68EA15B7D5A00043E93F /* FacebookModel.m in Sources */ = {isa = PBXBuildFile; fileRef = 6DBA68E915B7D5A00043E93F /* FacebookModel.m */; };
		6DBA691E15B7D8230043E93F /* ToDo in Resources */ = {isa = PBXBuildFile; fileRef = 6DBA691D15B7D8230043E93F /* ToDo */; };
		6DBA692215B7D9110043E93F /* RecipientChooserViewController.m in Sources */ = {isa = PBXBuildFile; fileRef = 6DBA692015B7D9110043E93F /* RecipientChooserViewController.m */; };
		6DBA692315B7D9110043E93F /* RecipientChooserViewController.xib in Resources */ = {isa = PBXBuildFile; fileRef = 6DBA692115B7D9110043E93F /* RecipientChooserViewController.xib */; };
		6DBA694B15B7EE1A0043E93F /* Facebook.m in Sources */ = {isa = PBXBuildFile; fileRef = 6DBA692E15B7EE190043E93F /* Facebook.m */; settings = {COMPILER_FLAGS = "-fno-objc-arc"; }; };
		6DBA694C15B7EE1A0043E93F /* FBDialog.bundle in Resources */ = {isa = PBXBuildFile; fileRef = 6DBA693115B7EE190043E93F /* FBDialog.bundle */; };
		6DBA694D15B7EE1A0043E93F /* FBDialog.m in Sources */ = {isa = PBXBuildFile; fileRef = 6DBA693315B7EE190043E93F /* FBDialog.m */; settings = {COMPILER_FLAGS = "-fno-objc-arc"; }; };
		6DBA694E15B7EE1A0043E93F /* FBFrictionlessRequestSettings.m in Sources */ = {isa = PBXBuildFile; fileRef = 6DBA693515B7EE190043E93F /* FBFrictionlessRequestSettings.m */; settings = {COMPILER_FLAGS = "-fno-objc-arc"; }; };
		6DBA694F15B7EE1A0043E93F /* FBLoginDialog.m in Sources */ = {isa = PBXBuildFile; fileRef = 6DBA693715B7EE190043E93F /* FBLoginDialog.m */; settings = {COMPILER_FLAGS = "-fno-objc-arc"; }; };
		6DBA695015B7EE1A0043E93F /* FBRequest.m in Sources */ = {isa = PBXBuildFile; fileRef = 6DBA693915B7EE190043E93F /* FBRequest.m */; settings = {COMPILER_FLAGS = "-fno-objc-arc"; }; };
		6DBA695115B7EE1A0043E93F /* NSObject+SBJSON.m in Sources */ = {isa = PBXBuildFile; fileRef = 6DBA693D15B7EE190043E93F /* NSObject+SBJSON.m */; settings = {COMPILER_FLAGS = "-fno-objc-arc"; }; };
		6DBA695215B7EE1A0043E93F /* NSString+SBJSON.m in Sources */ = {isa = PBXBuildFile; fileRef = 6DBA693F15B7EE190043E93F /* NSString+SBJSON.m */; settings = {COMPILER_FLAGS = "-fno-objc-arc"; }; };
		6DBA695315B7EE1A0043E93F /* SBJSON.m in Sources */ = {isa = PBXBuildFile; fileRef = 6DBA694115B7EE190043E93F /* SBJSON.m */; settings = {COMPILER_FLAGS = "-fno-objc-arc"; }; };
		6DBA695415B7EE1A0043E93F /* SBJsonBase.m in Sources */ = {isa = PBXBuildFile; fileRef = 6DBA694315B7EE190043E93F /* SBJsonBase.m */; settings = {COMPILER_FLAGS = "-fno-objc-arc"; }; };
		6DBA695515B7EE1A0043E93F /* SBJsonParser.m in Sources */ = {isa = PBXBuildFile; fileRef = 6DBA694515B7EE190043E93F /* SBJsonParser.m */; settings = {COMPILER_FLAGS = "-fno-objc-arc"; }; };
		6DBA695615B7EE1A0043E93F /* SBJsonWriter.m in Sources */ = {isa = PBXBuildFile; fileRef = 6DBA694715B7EE190043E93F /* SBJsonWriter.m */; settings = {COMPILER_FLAGS = "-fno-objc-arc"; }; };
		6DBA695C15B7F2080043E93F /* MBProgressHUD.m in Sources */ = {isa = PBXBuildFile; fileRef = 6DBA695A15B7F2080043E93F /* MBProgressHUD.m */; };
		CE7A85E215B5D8AD0056C0E9 /* libAviarySDK.a in Frameworks */ = {isa = PBXBuildFile; fileRef = CE7A85DF15B5D8AD0056C0E9 /* libAviarySDK.a */; };
		CE7A85E315B5D8AD0056C0E9 /* AviarySDKResources.bundle in Resources */ = {isa = PBXBuildFile; fileRef = CE7A85E115B5D8AD0056C0E9 /* AviarySDKResources.bundle */; };
		CE7A85E515B5D9020056C0E9 /* QuartzCore.framework in Frameworks */ = {isa = PBXBuildFile; fileRef = CE7A85E415B5D9020056C0E9 /* QuartzCore.framework */; };
		CE7A85E715B5D9060056C0E9 /* Accelerate.framework in Frameworks */ = {isa = PBXBuildFile; fileRef = CE7A85E615B5D9060056C0E9 /* Accelerate.framework */; };
		CE7A85E915B5D90D0056C0E9 /* StoreKit.framework in Frameworks */ = {isa = PBXBuildFile; fileRef = CE7A85E815B5D90D0056C0E9 /* StoreKit.framework */; };
		CE7A85EB15B5D91F0056C0E9 /* libz.1.2.5.dylib in Frameworks */ = {isa = PBXBuildFile; fileRef = CE7A85EA15B5D91F0056C0E9 /* libz.1.2.5.dylib */; };
		CE7A85ED15B5D92B0056C0E9 /* libsqlite3.0.dylib in Frameworks */ = {isa = PBXBuildFile; fileRef = CE7A85EC15B5D92B0056C0E9 /* libsqlite3.0.dylib */; };
		CE7A85EF15B5D9320056C0E9 /* CoreData.framework in Frameworks */ = {isa = PBXBuildFile; fileRef = CE7A85EE15B5D9320056C0E9 /* CoreData.framework */; };
		CE7A85F315B5DE7A0056C0E9 /* ImageTools.m in Sources */ = {isa = PBXBuildFile; fileRef = CE7A85F215B5DE7A0056C0E9 /* ImageTools.m */; };
		CEF3791315B5CE050062ADFB /* UIKit.framework in Frameworks */ = {isa = PBXBuildFile; fileRef = CEF3791215B5CE050062ADFB /* UIKit.framework */; };
		CEF3791515B5CE050062ADFB /* Foundation.framework in Frameworks */ = {isa = PBXBuildFile; fileRef = CEF3791415B5CE050062ADFB /* Foundation.framework */; };
		CEF3791715B5CE050062ADFB /* CoreGraphics.framework in Frameworks */ = {isa = PBXBuildFile; fileRef = CEF3791615B5CE050062ADFB /* CoreGraphics.framework */; };
		CEF3791D15B5CE050062ADFB /* InfoPlist.strings in Resources */ = {isa = PBXBuildFile; fileRef = CEF3791B15B5CE050062ADFB /* InfoPlist.strings */; };
		CEF3791F15B5CE050062ADFB /* main.m in Sources */ = {isa = PBXBuildFile; fileRef = CEF3791E15B5CE050062ADFB /* main.m */; };
		CEF3792315B5CE050062ADFB /* AppDelegate.m in Sources */ = {isa = PBXBuildFile; fileRef = CEF3792215B5CE050062ADFB /* AppDelegate.m */; };
		CEF3792615B5CE050062ADFB /* MainViewController.m in Sources */ = {isa = PBXBuildFile; fileRef = CEF3792515B5CE050062ADFB /* MainViewController.m */; };
		CEF3792915B5CE050062ADFB /* MainViewController.xib in Resources */ = {isa = PBXBuildFile; fileRef = CEF3792715B5CE050062ADFB /* MainViewController.xib */; };
/* End PBXBuildFile section */

/* Begin PBXContainerItemProxy section */
		6DBA695815B7EE1A0043E93F /* PBXContainerItemProxy */ = {
			isa = PBXContainerItemProxy;
			containerPortal = 6DBA692A15B7EE190043E93F /* facebook-ios-sdk.xcodeproj */;
			proxyType = 2;
			remoteGlobalIDString = D2AAC07E0554694100DB518D;
			remoteInfo = "facebook-ios-sdk";
		};
/* End PBXContainerItemProxy section */

/* Begin PBXFileReference section */
		6DBA68E415B7CEB50043E93F /* Twitter.framework */ = {isa = PBXFileReference; lastKnownFileType = wrapper.framework; name = Twitter.framework; path = System/Library/Frameworks/Twitter.framework; sourceTree = SDKROOT; };
		6DBA68E815B7D5A00043E93F /* FacebookModel.h */ = {isa = PBXFileReference; fileEncoding = 4; lastKnownFileType = sourcecode.c.h; path = FacebookModel.h; sourceTree = "<group>"; };
		6DBA68E915B7D5A00043E93F /* FacebookModel.m */ = {isa = PBXFileReference; fileEncoding = 4; lastKnownFileType = sourcecode.c.objc; path = FacebookModel.m; sourceTree = "<group>"; };
		6DBA691D15B7D8230043E93F /* ToDo */ = {isa = PBXFileReference; fileEncoding = 4; lastKnownFileType = text; path = ToDo; sourceTree = "<group>"; };
		6DBA691F15B7D9110043E93F /* RecipientChooserViewController.h */ = {isa = PBXFileReference; fileEncoding = 4; lastKnownFileType = sourcecode.c.h; path = RecipientChooserViewController.h; sourceTree = "<group>"; };
		6DBA692015B7D9110043E93F /* RecipientChooserViewController.m */ = {isa = PBXFileReference; fileEncoding = 4; lastKnownFileType = sourcecode.c.objc; path = RecipientChooserViewController.m; sourceTree = "<group>"; };
		6DBA692115B7D9110043E93F /* RecipientChooserViewController.xib */ = {isa = PBXFileReference; fileEncoding = 4; lastKnownFileType = file.xib; path = RecipientChooserViewController.xib; sourceTree = "<group>"; };
		6DBA692A15B7EE190043E93F /* facebook-ios-sdk.xcodeproj */ = {isa = PBXFileReference; lastKnownFileType = "wrapper.pb-project"; path = "facebook-ios-sdk.xcodeproj"; sourceTree = "<group>"; };
		6DBA692D15B7EE190043E93F /* Facebook.h */ = {isa = PBXFileReference; fileEncoding = 4; lastKnownFileType = sourcecode.c.h; path = Facebook.h; sourceTree = "<group>"; };
		6DBA692E15B7EE190043E93F /* Facebook.m */ = {isa = PBXFileReference; fileEncoding = 4; lastKnownFileType = sourcecode.c.objc; path = Facebook.m; sourceTree = "<group>"; };
		6DBA692F15B7EE190043E93F /* facebook_ios_sdk_Prefix.pch */ = {isa = PBXFileReference; fileEncoding = 4; lastKnownFileType = sourcecode.c.h; path = facebook_ios_sdk_Prefix.pch; sourceTree = "<group>"; };
		6DBA693015B7EE190043E93F /* FBConnect.h */ = {isa = PBXFileReference; fileEncoding = 4; lastKnownFileType = sourcecode.c.h; path = FBConnect.h; sourceTree = "<group>"; };
		6DBA693115B7EE190043E93F /* FBDialog.bundle */ = {isa = PBXFileReference; lastKnownFileType = "wrapper.plug-in"; path = FBDialog.bundle; sourceTree = "<group>"; };
		6DBA693215B7EE190043E93F /* FBDialog.h */ = {isa = PBXFileReference; fileEncoding = 4; lastKnownFileType = sourcecode.c.h; path = FBDialog.h; sourceTree = "<group>"; };
		6DBA693315B7EE190043E93F /* FBDialog.m */ = {isa = PBXFileReference; fileEncoding = 4; lastKnownFileType = sourcecode.c.objc; path = FBDialog.m; sourceTree = "<group>"; };
		6DBA693415B7EE190043E93F /* FBFrictionlessRequestSettings.h */ = {isa = PBXFileReference; fileEncoding = 4; lastKnownFileType = sourcecode.c.h; path = FBFrictionlessRequestSettings.h; sourceTree = "<group>"; };
		6DBA693515B7EE190043E93F /* FBFrictionlessRequestSettings.m */ = {isa = PBXFileReference; fileEncoding = 4; lastKnownFileType = sourcecode.c.objc; path = FBFrictionlessRequestSettings.m; sourceTree = "<group>"; };
		6DBA693615B7EE190043E93F /* FBLoginDialog.h */ = {isa = PBXFileReference; fileEncoding = 4; lastKnownFileType = sourcecode.c.h; path = FBLoginDialog.h; sourceTree = "<group>"; };
		6DBA693715B7EE190043E93F /* FBLoginDialog.m */ = {isa = PBXFileReference; fileEncoding = 4; lastKnownFileType = sourcecode.c.objc; path = FBLoginDialog.m; sourceTree = "<group>"; };
		6DBA693815B7EE190043E93F /* FBRequest.h */ = {isa = PBXFileReference; fileEncoding = 4; lastKnownFileType = sourcecode.c.h; path = FBRequest.h; sourceTree = "<group>"; };
		6DBA693915B7EE190043E93F /* FBRequest.m */ = {isa = PBXFileReference; fileEncoding = 4; lastKnownFileType = sourcecode.c.objc; path = FBRequest.m; sourceTree = "<group>"; };
		6DBA693B15B7EE190043E93F /* JSON.h */ = {isa = PBXFileReference; fileEncoding = 4; lastKnownFileType = sourcecode.c.h; path = JSON.h; sourceTree = "<group>"; };
		6DBA693C15B7EE190043E93F /* NSObject+SBJSON.h */ = {isa = PBXFileReference; fileEncoding = 4; lastKnownFileType = sourcecode.c.h; path = "NSObject+SBJSON.h"; sourceTree = "<group>"; };
		6DBA693D15B7EE190043E93F /* NSObject+SBJSON.m */ = {isa = PBXFileReference; fileEncoding = 4; lastKnownFileType = sourcecode.c.objc; path = "NSObject+SBJSON.m"; sourceTree = "<group>"; };
		6DBA693E15B7EE190043E93F /* NSString+SBJSON.h */ = {isa = PBXFileReference; fileEncoding = 4; lastKnownFileType = sourcecode.c.h; path = "NSString+SBJSON.h"; sourceTree = "<group>"; };
		6DBA693F15B7EE190043E93F /* NSString+SBJSON.m */ = {isa = PBXFileReference; fileEncoding = 4; lastKnownFileType = sourcecode.c.objc; path = "NSString+SBJSON.m"; sourceTree = "<group>"; };
		6DBA694015B7EE190043E93F /* SBJSON.h */ = {isa = PBXFileReference; fileEncoding = 4; lastKnownFileType = sourcecode.c.h; path = SBJSON.h; sourceTree = "<group>"; };
		6DBA694115B7EE190043E93F /* SBJSON.m */ = {isa = PBXFileReference; fileEncoding = 4; lastKnownFileType = sourcecode.c.objc; path = SBJSON.m; sourceTree = "<group>"; };
		6DBA694215B7EE190043E93F /* SBJsonBase.h */ = {isa = PBXFileReference; fileEncoding = 4; lastKnownFileType = sourcecode.c.h; path = SBJsonBase.h; sourceTree = "<group>"; };
		6DBA694315B7EE190043E93F /* SBJsonBase.m */ = {isa = PBXFileReference; fileEncoding = 4; lastKnownFileType = sourcecode.c.objc; path = SBJsonBase.m; sourceTree = "<group>"; };
		6DBA694415B7EE190043E93F /* SBJsonParser.h */ = {isa = PBXFileReference; fileEncoding = 4; lastKnownFileType = sourcecode.c.h; path = SBJsonParser.h; sourceTree = "<group>"; };
		6DBA694515B7EE190043E93F /* SBJsonParser.m */ = {isa = PBXFileReference; fileEncoding = 4; lastKnownFileType = sourcecode.c.objc; path = SBJsonParser.m; sourceTree = "<group>"; };
		6DBA694615B7EE190043E93F /* SBJsonWriter.h */ = {isa = PBXFileReference; fileEncoding = 4; lastKnownFileType = sourcecode.c.h; path = SBJsonWriter.h; sourceTree = "<group>"; };
		6DBA694715B7EE190043E93F /* SBJsonWriter.m */ = {isa = PBXFileReference; fileEncoding = 4; lastKnownFileType = sourcecode.c.objc; path = SBJsonWriter.m; sourceTree = "<group>"; };
		6DBA695A15B7F2080043E93F /* MBProgressHUD.m */ = {isa = PBXFileReference; fileEncoding = 4; lastKnownFileType = sourcecode.c.objc; path = MBProgressHUD.m; sourceTree = "<group>"; };
		6DBA695B15B7F2080043E93F /* MBProgressHUD.h */ = {isa = PBXFileReference; fileEncoding = 4; lastKnownFileType = sourcecode.c.h; path = MBProgressHUD.h; sourceTree = "<group>"; };
		CE7A85DA15B5D8AD0056C0E9 /* AFPhotoEditorContext.h */ = {isa = PBXFileReference; fileEncoding = 4; lastKnownFileType = sourcecode.c.h; path = AFPhotoEditorContext.h; sourceTree = "<group>"; };
		CE7A85DB15B5D8AD0056C0E9 /* AFPhotoEditorController.h */ = {isa = PBXFileReference; fileEncoding = 4; lastKnownFileType = sourcecode.c.h; path = AFPhotoEditorController.h; sourceTree = "<group>"; };
		CE7A85DC15B5D8AD0056C0E9 /* AFPhotoEditorControllerOptions.h */ = {isa = PBXFileReference; fileEncoding = 4; lastKnownFileType = sourcecode.c.h; path = AFPhotoEditorControllerOptions.h; sourceTree = "<group>"; };
		CE7A85DD15B5D8AD0056C0E9 /* AFPhotoEditorSession.h */ = {isa = PBXFileReference; fileEncoding = 4; lastKnownFileType = sourcecode.c.h; path = AFPhotoEditorSession.h; sourceTree = "<group>"; };
		CE7A85DE15B5D8AD0056C0E9 /* AFPhotoEditorStyle.h */ = {isa = PBXFileReference; fileEncoding = 4; lastKnownFileType = sourcecode.c.h; path = AFPhotoEditorStyle.h; sourceTree = "<group>"; };
		CE7A85DF15B5D8AD0056C0E9 /* libAviarySDK.a */ = {isa = PBXFileReference; lastKnownFileType = archive.ar; path = libAviarySDK.a; sourceTree = "<group>"; };
		CE7A85E115B5D8AD0056C0E9 /* AviarySDKResources.bundle */ = {isa = PBXFileReference; lastKnownFileType = "wrapper.plug-in"; path = AviarySDKResources.bundle; sourceTree = "<group>"; };
		CE7A85E415B5D9020056C0E9 /* QuartzCore.framework */ = {isa = PBXFileReference; lastKnownFileType = wrapper.framework; name = QuartzCore.framework; path = System/Library/Frameworks/QuartzCore.framework; sourceTree = SDKROOT; };
		CE7A85E615B5D9060056C0E9 /* Accelerate.framework */ = {isa = PBXFileReference; lastKnownFileType = wrapper.framework; name = Accelerate.framework; path = System/Library/Frameworks/Accelerate.framework; sourceTree = SDKROOT; };
		CE7A85E815B5D90D0056C0E9 /* StoreKit.framework */ = {isa = PBXFileReference; lastKnownFileType = wrapper.framework; name = StoreKit.framework; path = System/Library/Frameworks/StoreKit.framework; sourceTree = SDKROOT; };
		CE7A85EA15B5D91F0056C0E9 /* libz.1.2.5.dylib */ = {isa = PBXFileReference; lastKnownFileType = "compiled.mach-o.dylib"; name = libz.1.2.5.dylib; path = usr/lib/libz.1.2.5.dylib; sourceTree = SDKROOT; };
		CE7A85EC15B5D92B0056C0E9 /* libsqlite3.0.dylib */ = {isa = PBXFileReference; lastKnownFileType = "compiled.mach-o.dylib"; name = libsqlite3.0.dylib; path = usr/lib/libsqlite3.0.dylib; sourceTree = SDKROOT; };
		CE7A85EE15B5D9320056C0E9 /* CoreData.framework */ = {isa = PBXFileReference; lastKnownFileType = wrapper.framework; name = CoreData.framework; path = System/Library/Frameworks/CoreData.framework; sourceTree = SDKROOT; };
		CE7A85F115B5DE7A0056C0E9 /* ImageTools.h */ = {isa = PBXFileReference; fileEncoding = 4; lastKnownFileType = sourcecode.c.h; path = ImageTools.h; sourceTree = "<group>"; };
		CE7A85F215B5DE7A0056C0E9 /* ImageTools.m */ = {isa = PBXFileReference; fileEncoding = 4; lastKnownFileType = sourcecode.c.objc; path = ImageTools.m; sourceTree = "<group>"; };
		CEF3790E15B5CE050062ADFB /* UltimageSharer.app */ = {isa = PBXFileReference; explicitFileType = wrapper.application; includeInIndex = 0; path = UltimageSharer.app; sourceTree = BUILT_PRODUCTS_DIR; };
		CEF3791215B5CE050062ADFB /* UIKit.framework */ = {isa = PBXFileReference; lastKnownFileType = wrapper.framework; name = UIKit.framework; path = System/Library/Frameworks/UIKit.framework; sourceTree = SDKROOT; };
		CEF3791415B5CE050062ADFB /* Foundation.framework */ = {isa = PBXFileReference; lastKnownFileType = wrapper.framework; name = Foundation.framework; path = System/Library/Frameworks/Foundation.framework; sourceTree = SDKROOT; };
		CEF3791615B5CE050062ADFB /* CoreGraphics.framework */ = {isa = PBXFileReference; lastKnownFileType = wrapper.framework; name = CoreGraphics.framework; path = System/Library/Frameworks/CoreGraphics.framework; sourceTree = SDKROOT; };
		CEF3791A15B5CE050062ADFB /* UltimageSharer-Info.plist */ = {isa = PBXFileReference; lastKnownFileType = text.plist.xml; path = "UltimageSharer-Info.plist"; sourceTree = "<group>"; };
		CEF3791C15B5CE050062ADFB /* en */ = {isa = PBXFileReference; lastKnownFileType = text.plist.strings; name = en; path = en.lproj/InfoPlist.strings; sourceTree = "<group>"; };
		CEF3791E15B5CE050062ADFB /* main.m */ = {isa = PBXFileReference; lastKnownFileType = sourcecode.c.objc; path = main.m; sourceTree = "<group>"; };
		CEF3792015B5CE050062ADFB /* UltimageSharer-Prefix.pch */ = {isa = PBXFileReference; lastKnownFileType = sourcecode.c.h; path = "UltimageSharer-Prefix.pch"; sourceTree = "<group>"; };
		CEF3792115B5CE050062ADFB /* AppDelegate.h */ = {isa = PBXFileReference; lastKnownFileType = sourcecode.c.h; path = AppDelegate.h; sourceTree = "<group>"; };
		CEF3792215B5CE050062ADFB /* AppDelegate.m */ = {isa = PBXFileReference; lastKnownFileType = sourcecode.c.objc; path = AppDelegate.m; sourceTree = "<group>"; };
		CEF3792415B5CE050062ADFB /* MainViewController.h */ = {isa = PBXFileReference; lastKnownFileType = sourcecode.c.h; path = MainViewController.h; sourceTree = "<group>"; };
		CEF3792515B5CE050062ADFB /* MainViewController.m */ = {isa = PBXFileReference; lastKnownFileType = sourcecode.c.objc; path = MainViewController.m; sourceTree = "<group>"; };
		CEF3792815B5CE050062ADFB /* en */ = {isa = PBXFileReference; lastKnownFileType = file.xib; name = en; path = en.lproj/MainViewController.xib; sourceTree = "<group>"; };
/* End PBXFileReference section */

/* Begin PBXFrameworksBuildPhase section */
		CEF3790B15B5CE050062ADFB /* Frameworks */ = {
			isa = PBXFrameworksBuildPhase;
			buildActionMask = 2147483647;
			files = (
				6DBA68E515B7CEB50043E93F /* Twitter.framework in Frameworks */,
				CE7A85EF15B5D9320056C0E9 /* CoreData.framework in Frameworks */,
				CE7A85ED15B5D92B0056C0E9 /* libsqlite3.0.dylib in Frameworks */,
				CE7A85EB15B5D91F0056C0E9 /* libz.1.2.5.dylib in Frameworks */,
				CE7A85E915B5D90D0056C0E9 /* StoreKit.framework in Frameworks */,
				CE7A85E715B5D9060056C0E9 /* Accelerate.framework in Frameworks */,
				CE7A85E515B5D9020056C0E9 /* QuartzCore.framework in Frameworks */,
				CEF3791315B5CE050062ADFB /* UIKit.framework in Frameworks */,
				CEF3791515B5CE050062ADFB /* Foundation.framework in Frameworks */,
				CEF3791715B5CE050062ADFB /* CoreGraphics.framework in Frameworks */,
				CE7A85E215B5D8AD0056C0E9 /* libAviarySDK.a in Frameworks */,
			);
			runOnlyForDeploymentPostprocessing = 0;
		};
/* End PBXFrameworksBuildPhase section */

/* Begin PBXGroup section */
		6DBA68E715B7D57D0043E93F /* Model */ = {
			isa = PBXGroup;
			children = (
				6DBA68E815B7D5A00043E93F /* FacebookModel.h */,
				6DBA68E915B7D5A00043E93F /* FacebookModel.m */,
			);
			name = Model;
			sourceTree = "<group>";
		};
		6DBA68EB15B7D7450043E93F /* Facebook */ = {
			isa = PBXGroup;
			children = (
				6DBA692915B7EE190043E93F /* src */,
			);
			name = Facebook;
			sourceTree = "<group>";
		};
		6DBA692415B7D91F0043E93F /* ViewControllers */ = {
			isa = PBXGroup;
			children = (
				6DBA691F15B7D9110043E93F /* RecipientChooserViewController.h */,
				6DBA692015B7D9110043E93F /* RecipientChooserViewController.m */,
				6DBA692115B7D9110043E93F /* RecipientChooserViewController.xib */,
				CEF3792415B5CE050062ADFB /* MainViewController.h */,
				CEF3792515B5CE050062ADFB /* MainViewController.m */,
				CEF3792715B5CE050062ADFB /* MainViewController.xib */,
			);
			name = ViewControllers;
			sourceTree = "<group>";
		};
		6DBA692515B7DAD50043E93F /* MBProgressHud */ = {
			isa = PBXGroup;
			children = (
				6DBA695A15B7F2080043E93F /* MBProgressHUD.m */,
				6DBA695B15B7F2080043E93F /* MBProgressHUD.h */,
			);
			name = MBProgressHud;
			sourceTree = "<group>";
		};
		6DBA692915B7EE190043E93F /* src */ = {
			isa = PBXGroup;
			children = (
				6DBA692A15B7EE190043E93F /* facebook-ios-sdk.xcodeproj */,
				6DBA692D15B7EE190043E93F /* Facebook.h */,
				6DBA692E15B7EE190043E93F /* Facebook.m */,
				6DBA692F15B7EE190043E93F /* facebook_ios_sdk_Prefix.pch */,
				6DBA693015B7EE190043E93F /* FBConnect.h */,
				6DBA693115B7EE190043E93F /* FBDialog.bundle */,
				6DBA693215B7EE190043E93F /* FBDialog.h */,
				6DBA693315B7EE190043E93F /* FBDialog.m */,
				6DBA693415B7EE190043E93F /* FBFrictionlessRequestSettings.h */,
				6DBA693515B7EE190043E93F /* FBFrictionlessRequestSettings.m */,
				6DBA693615B7EE190043E93F /* FBLoginDialog.h */,
				6DBA693715B7EE190043E93F /* FBLoginDialog.m */,
				6DBA693815B7EE190043E93F /* FBRequest.h */,
				6DBA693915B7EE190043E93F /* FBRequest.m */,
				6DBA693A15B7EE190043E93F /* JSON */,
			);
			path = src;
			sourceTree = "<group>";
		};
		6DBA692B15B7EE190043E93F /* Products */ = {
			isa = PBXGroup;
			children = (
				6DBA695915B7EE1A0043E93F /* libfacebook_ios_sdk.a */,
			);
			name = Products;
			sourceTree = "<group>";
		};
		6DBA693A15B7EE190043E93F /* JSON */ = {
			isa = PBXGroup;
			children = (
				6DBA693B15B7EE190043E93F /* JSON.h */,
				6DBA693C15B7EE190043E93F /* NSObject+SBJSON.h */,
				6DBA693D15B7EE190043E93F /* NSObject+SBJSON.m */,
				6DBA693E15B7EE190043E93F /* NSString+SBJSON.h */,
				6DBA693F15B7EE190043E93F /* NSString+SBJSON.m */,
				6DBA694015B7EE190043E93F /* SBJSON.h */,
				6DBA694115B7EE190043E93F /* SBJSON.m */,
				6DBA694215B7EE190043E93F /* SBJsonBase.h */,
				6DBA694315B7EE190043E93F /* SBJsonBase.m */,
				6DBA694415B7EE190043E93F /* SBJsonParser.h */,
				6DBA694515B7EE190043E93F /* SBJsonParser.m */,
				6DBA694615B7EE190043E93F /* SBJsonWriter.h */,
				6DBA694715B7EE190043E93F /* SBJsonWriter.m */,
			);
			path = JSON;
			sourceTree = "<group>";
		};
		CE7A85D615B5D8980056C0E9 /* 3rd-party */ = {
			isa = PBXGroup;
			children = (
				6DBA692515B7DAD50043E93F /* MBProgressHud */,
				6DBA68EB15B7D7450043E93F /* Facebook */,
				CE7A85D815B5D8AD0056C0E9 /* AviarySDK */,
			);
			name = "3rd-party";
			sourceTree = "<group>";
		};
		CE7A85D815B5D8AD0056C0E9 /* AviarySDK */ = {
			isa = PBXGroup;
			children = (
				CE7A85D915B5D8AD0056C0E9 /* Headers */,
				CE7A85DF15B5D8AD0056C0E9 /* libAviarySDK.a */,
				CE7A85E015B5D8AD0056C0E9 /* Resources */,
			);
			path = AviarySDK;
			sourceTree = "<group>";
		};
		CE7A85D915B5D8AD0056C0E9 /* Headers */ = {
			isa = PBXGroup;
			children = (
				CE7A85DA15B5D8AD0056C0E9 /* AFPhotoEditorContext.h */,
				CE7A85DB15B5D8AD0056C0E9 /* AFPhotoEditorController.h */,
				CE7A85DC15B5D8AD0056C0E9 /* AFPhotoEditorControllerOptions.h */,
				CE7A85DD15B5D8AD0056C0E9 /* AFPhotoEditorSession.h */,
				CE7A85DE15B5D8AD0056C0E9 /* AFPhotoEditorStyle.h */,
			);
			path = Headers;
			sourceTree = "<group>";
		};
		CE7A85E015B5D8AD0056C0E9 /* Resources */ = {
			isa = PBXGroup;
			children = (
				CE7A85E115B5D8AD0056C0E9 /* AviarySDKResources.bundle */,
			);
			path = Resources;
			sourceTree = "<group>";
		};
		CE7A85F015B5DC1C0056C0E9 /* Tools */ = {
			isa = PBXGroup;
			children = (
				CE7A85F115B5DE7A0056C0E9 /* ImageTools.h */,
				CE7A85F215B5DE7A0056C0E9 /* ImageTools.m */,
			);
			name = Tools;
			sourceTree = "<group>";
		};
		CEF3790315B5CE050062ADFB = {
			isa = PBXGroup;
			children = (
				CEF3791815B5CE050062ADFB /* UltimageSharer */,
				CEF3791115B5CE050062ADFB /* Frameworks */,
				CEF3790F15B5CE050062ADFB /* Products */,
			);
			sourceTree = "<group>";
		};
		CEF3790F15B5CE050062ADFB /* Products */ = {
			isa = PBXGroup;
			children = (
				CEF3790E15B5CE050062ADFB /* UltimageSharer.app */,
			);
			name = Products;
			sourceTree = "<group>";
		};
		CEF3791115B5CE050062ADFB /* Frameworks */ = {
			isa = PBXGroup;
			children = (
				6DBA68E415B7CEB50043E93F /* Twitter.framework */,
				CE7A85EE15B5D9320056C0E9 /* CoreData.framework */,
				CE7A85EC15B5D92B0056C0E9 /* libsqlite3.0.dylib */,
				CE7A85EA15B5D91F0056C0E9 /* libz.1.2.5.dylib */,
				CE7A85E815B5D90D0056C0E9 /* StoreKit.framework */,
				CE7A85E615B5D9060056C0E9 /* Accelerate.framework */,
				CE7A85E415B5D9020056C0E9 /* QuartzCore.framework */,
				CEF3791215B5CE050062ADFB /* UIKit.framework */,
				CEF3791415B5CE050062ADFB /* Foundation.framework */,
				CEF3791615B5CE050062ADFB /* CoreGraphics.framework */,
			);
			name = Frameworks;
			sourceTree = "<group>";
		};
		CEF3791815B5CE050062ADFB /* UltimageSharer */ = {
			isa = PBXGroup;
			children = (
				6DBA692415B7D91F0043E93F /* ViewControllers */,
				6DBA68E715B7D57D0043E93F /* Model */,
				CE7A85F015B5DC1C0056C0E9 /* Tools */,
				CEF3792115B5CE050062ADFB /* AppDelegate.h */,
				CEF3792215B5CE050062ADFB /* AppDelegate.m */,
				CEF3791915B5CE050062ADFB /* Supporting Files */,
			);
			path = UltimageSharer;
			sourceTree = "<group>";
		};
		CEF3791915B5CE050062ADFB /* Supporting Files */ = {
			isa = PBXGroup;
			children = (
				CE7A85D615B5D8980056C0E9 /* 3rd-party */,
				CEF3791A15B5CE050062ADFB /* UltimageSharer-Info.plist */,
				CEF3791B15B5CE050062ADFB /* InfoPlist.strings */,
				CEF3791E15B5CE050062ADFB /* main.m */,
				CEF3792015B5CE050062ADFB /* UltimageSharer-Prefix.pch */,
				6DBA691D15B7D8230043E93F /* ToDo */,
			);
			name = "Supporting Files";
			sourceTree = "<group>";
		};
/* End PBXGroup section */

/* Begin PBXNativeTarget section */
		CEF3790D15B5CE050062ADFB /* UltimageSharer */ = {
			isa = PBXNativeTarget;
			buildConfigurationList = CEF3792C15B5CE050062ADFB /* Build configuration list for PBXNativeTarget "UltimageSharer" */;
			buildPhases = (
				CEF3790A15B5CE050062ADFB /* Sources */,
				CEF3790B15B5CE050062ADFB /* Frameworks */,
				CEF3790C15B5CE050062ADFB /* Resources */,
			);
			buildRules = (
			);
			dependencies = (
			);
			name = UltimageSharer;
			productName = UltimageSharer;
			productReference = CEF3790E15B5CE050062ADFB /* UltimageSharer.app */;
			productType = "com.apple.product-type.application";
		};
/* End PBXNativeTarget section */

/* Begin PBXProject section */
		CEF3790515B5CE050062ADFB /* Project object */ = {
			isa = PBXProject;
			attributes = {
				LastUpgradeCheck = 0420;
				ORGANIZATIONNAME = sibers;
			};
			buildConfigurationList = CEF3790815B5CE050062ADFB /* Build configuration list for PBXProject "UltimageSharer" */;
			compatibilityVersion = "Xcode 3.2";
			developmentRegion = English;
			hasScannedForEncodings = 0;
			knownRegions = (
				en,
			);
			mainGroup = CEF3790315B5CE050062ADFB;
			productRefGroup = CEF3790F15B5CE050062ADFB /* Products */;
			projectDirPath = "";
			projectReferences = (
				{
					ProductGroup = 6DBA692B15B7EE190043E93F /* Products */;
					ProjectRef = 6DBA692A15B7EE190043E93F /* facebook-ios-sdk.xcodeproj */;
				},
			);
			projectRoot = "";
			targets = (
				CEF3790D15B5CE050062ADFB /* UltimageSharer */,
			);
		};
/* End PBXProject section */

/* Begin PBXReferenceProxy section */
		6DBA695915B7EE1A0043E93F /* libfacebook_ios_sdk.a */ = {
			isa = PBXReferenceProxy;
			fileType = archive.ar;
			path = libfacebook_ios_sdk.a;
			remoteRef = 6DBA695815B7EE1A0043E93F /* PBXContainerItemProxy */;
			sourceTree = BUILT_PRODUCTS_DIR;
		};
/* End PBXReferenceProxy section */

/* Begin PBXResourcesBuildPhase section */
		CEF3790C15B5CE050062ADFB /* Resources */ = {
			isa = PBXResourcesBuildPhase;
			buildActionMask = 2147483647;
			files = (
				CEF3791D15B5CE050062ADFB /* InfoPlist.strings in Resources */,
				CEF3792915B5CE050062ADFB /* MainViewController.xib in Resources */,
				CE7A85E315B5D8AD0056C0E9 /* AviarySDKResources.bundle in Resources */,
				6DBA691E15B7D8230043E93F /* ToDo in Resources */,
				6DBA692315B7D9110043E93F /* RecipientChooserViewController.xib in Resources */,
				6DBA694C15B7EE1A0043E93F /* FBDialog.bundle in Resources */,
			);
			runOnlyForDeploymentPostprocessing = 0;
		};
/* End PBXResourcesBuildPhase section */

/* Begin PBXSourcesBuildPhase section */
		CEF3790A15B5CE050062ADFB /* Sources */ = {
			isa = PBXSourcesBuildPhase;
			buildActionMask = 2147483647;
			files = (
				CEF3791F15B5CE050062ADFB /* main.m in Sources */,
				CEF3792315B5CE050062ADFB /* AppDelegate.m in Sources */,
				CEF3792615B5CE050062ADFB /* MainViewController.m in Sources */,
				CE7A85F315B5DE7A0056C0E9 /* ImageTools.m in Sources */,
				6DBA68EA15B7D5A00043E93F /* FacebookModel.m in Sources */,
				6DBA692215B7D9110043E93F /* RecipientChooserViewController.m in Sources */,
				6DBA694B15B7EE1A0043E93F /* Facebook.m in Sources */,
				6DBA694D15B7EE1A0043E93F /* FBDialog.m in Sources */,
				6DBA694E15B7EE1A0043E93F /* FBFrictionlessRequestSettings.m in Sources */,
				6DBA694F15B7EE1A0043E93F /* FBLoginDialog.m in Sources */,
				6DBA695015B7EE1A0043E93F /* FBRequest.m in Sources */,
				6DBA695115B7EE1A0043E93F /* NSObject+SBJSON.m in Sources */,
				6DBA695215B7EE1A0043E93F /* NSString+SBJSON.m in Sources */,
				6DBA695315B7EE1A0043E93F /* SBJSON.m in Sources */,
				6DBA695415B7EE1A0043E93F /* SBJsonBase.m in Sources */,
				6DBA695515B7EE1A0043E93F /* SBJsonParser.m in Sources */,
				6DBA695615B7EE1A0043E93F /* SBJsonWriter.m in Sources */,
				6DBA695C15B7F2080043E93F /* MBProgressHUD.m in Sources */,
			);
			runOnlyForDeploymentPostprocessing = 0;
		};
/* End PBXSourcesBuildPhase section */

/* Begin PBXVariantGroup section */
		CEF3791B15B5CE050062ADFB /* InfoPlist.strings */ = {
			isa = PBXVariantGroup;
			children = (
				CEF3791C15B5CE050062ADFB /* en */,
			);
			name = InfoPlist.strings;
			sourceTree = "<group>";
		};
		CEF3792715B5CE050062ADFB /* MainViewController.xib */ = {
			isa = PBXVariantGroup;
			children = (
				CEF3792815B5CE050062ADFB /* en */,
			);
			name = MainViewController.xib;
			sourceTree = "<group>";
		};
/* End PBXVariantGroup section */

/* Begin XCBuildConfiguration section */
		CEF3792A15B5CE050062ADFB /* Debug */ = {
			isa = XCBuildConfiguration;
			buildSettings = {
				ALWAYS_SEARCH_USER_PATHS = NO;
				ARCHS = "$(ARCHS_STANDARD_32_BIT)";
				CLANG_ENABLE_OBJC_ARC = YES;
				"CODE_SIGN_IDENTITY[sdk=iphoneos*]" = "iPhone Distribution: HireRussians LLC";
				COPY_PHASE_STRIP = NO;
				GCC_C_LANGUAGE_STANDARD = gnu99;
				GCC_DYNAMIC_NO_PIC = NO;
				GCC_OPTIMIZATION_LEVEL = 0;
				GCC_PREPROCESSOR_DEFINITIONS = (
					"DEBUG=1",
					"$(inherited)",
				);
				GCC_SYMBOLS_PRIVATE_EXTERN = NO;
				GCC_VERSION = com.apple.compilers.llvm.clang.1_0;
				GCC_WARN_ABOUT_MISSING_PROTOTYPES = YES;
				GCC_WARN_ABOUT_RETURN_TYPE = YES;
				GCC_WARN_UNUSED_VARIABLE = YES;
				IPHONEOS_DEPLOYMENT_TARGET = 5.0;
				"PROVISIONING_PROFILE[sdk=iphoneos*]" = "6DEC8964-3085-4754-995F-A7B3A741B085";
				SDKROOT = iphoneos5.0;
			};
			name = Debug;
		};
		CEF3792B15B5CE050062ADFB /* Release */ = {
			isa = XCBuildConfiguration;
			buildSettings = {
				ALWAYS_SEARCH_USER_PATHS = NO;
				ARCHS = "$(ARCHS_STANDARD_32_BIT)";
				CLANG_ENABLE_OBJC_ARC = YES;
				"CODE_SIGN_IDENTITY[sdk=iphoneos*]" = "iPhone Developer: Andrey Chashkov (U4RY46T73D)";
				COPY_PHASE_STRIP = YES;
				GCC_C_LANGUAGE_STANDARD = gnu99;
				GCC_VERSION = com.apple.compilers.llvm.clang.1_0;
				GCC_WARN_ABOUT_MISSING_PROTOTYPES = YES;
				GCC_WARN_ABOUT_RETURN_TYPE = YES;
				GCC_WARN_UNUSED_VARIABLE = YES;
				IPHONEOS_DEPLOYMENT_TARGET = 5.0;
				OTHER_CFLAGS = "-DNS_BLOCK_ASSERTIONS=1";
				"PROVISIONING_PROFILE[sdk=iphoneos*]" = "7E5BB7A5-8F3C-4E5C-BFCC-355996690CB4";
				SDKROOT = iphoneos5.0;
				VALIDATE_PRODUCT = YES;
			};
			name = Release;
		};
		CEF3792D15B5CE050062ADFB /* Debug */ = {
			isa = XCBuildConfiguration;
			buildSettings = {
				"CODE_SIGN_IDENTITY[sdk=iphoneos*]" = "iPhone Developer: Andrey Chashkov (U4RY46T73D)";
				GCC_PRECOMPILE_PREFIX_HEADER = YES;
				GCC_PREFIX_HEADER = "UltimageSharer/UltimageSharer-Prefix.pch";
				INFOPLIST_FILE = "UltimageSharer/UltimageSharer-Info.plist";
				IPHONEOS_DEPLOYMENT_TARGET = 5.0;
				LIBRARY_SEARCH_PATHS = (
					"$(inherited)",
					"\"$(SRCROOT)/UltimageSharer/AviarySDK\"",
				);
				PRODUCT_NAME = "$(TARGET_NAME)";
				"PROVISIONING_PROFILE[sdk=iphoneos*]" = "2FA19F62-8C86-48F3-AD02-DFC7982989C8";
				WRAPPER_EXTENSION = app;
			};
			name = Debug;
		};
		CEF3792E15B5CE050062ADFB /* Release */ = {
			isa = XCBuildConfiguration;
			buildSettings = {
				GCC_PRECOMPILE_PREFIX_HEADER = YES;
				GCC_PREFIX_HEADER = "UltimageSharer/UltimageSharer-Prefix.pch";
				INFOPLIST_FILE = "UltimageSharer/UltimageSharer-Info.plist";
				IPHONEOS_DEPLOYMENT_TARGET = 5.0;
				LIBRARY_SEARCH_PATHS = (
					"$(inherited)",
					"\"$(SRCROOT)/UltimageSharer/AviarySDK\"",
				);
				PRODUCT_NAME = "$(TARGET_NAME)";
				WRAPPER_EXTENSION = app;
			};
			name = Release;
		};
/* End XCBuildConfiguration section */

/* Begin XCConfigurationList section */
		CEF3790815B5CE050062ADFB /* Build configuration list for PBXProject "UltimageSharer" */ = {
			isa = XCConfigurationList;
			buildConfigurations = (
				CEF3792A15B5CE050062ADFB /* Debug */,
				CEF3792B15B5CE050062ADFB /* Release */,
			);
			defaultConfigurationIsVisible = 0;
			defaultConfigurationName = Release;
		};
		CEF3792C15B5CE050062ADFB /* Build configuration list for PBXNativeTarget "UltimageSharer" */ = {
			isa = XCConfigurationList;
			buildConfigurations = (
				CEF3792D15B5CE050062ADFB /* Debug */,
				CEF3792E15B5CE050062ADFB /* Release */,
			);
			defaultConfigurationIsVisible = 0;
			defaultConfigurationName = Release;
		};
/* End XCConfigurationList section */
	};
	rootObject = CEF3790515B5CE050062ADFB /* Project object */;
}
